
Microsoft Visual Studio Solution File, Format Version 12.00
# Visual Studio Version 17
VisualStudioVersion = 17.7.34018.315
MinimumVisualStudioVersion = 10.0.40219.1
Project("{FAE04EC0-301F-11D3-BF4B-00C04F79EFBC}") = "TodoApp.Android", "TodoApp.Android\TodoApp.Android.csproj", "{1C8EBE33-4A67-48B4-B447-0A406665BE94}"
EndProject
Project("{FAE04EC0-301F-11D3-BF4B-00C04F79EFBC}") = "TodoApp", "TodoApp\TodoApp.csproj", "{A143E0A5-5107-4089-B980-854881CC729F}"
EndProject
Global
	GlobalSection(SolutionConfigurationPlatforms) = preSolution
		Debug|Any CPU = Debug|Any CPU
		Release|Any CPU = Release|Any CPU
	EndGlobalSection
	GlobalSection(ProjectConfigurationPlatforms) = postSolution
		{1C8EBE33-4A67-48B4-B447-0A406665BE94}.Debug|Any CPU.ActiveCfg = Debug|Any CPU
		{1C8EBE33-4A67-48B4-B447-0A406665BE94}.Debug|Any CPU.Build.0 = Debug|Any CPU
		{1C8EBE33-4A67-48B4-B447-0A406665BE94}.Debug|Any CPU.Deploy.0 = Debug|Any CPU
		{1C8EBE33-4A67-48B4-B447-0A406665BE94}.Release|Any CPU.ActiveCfg = Release|Any CPU
		{1C8EBE33-4A67-48B4-B447-0A406665BE94}.Release|Any CPU.Build.0 = Release|Any CPU
		{1C8EBE33-4A67-48B4-B447-0A406665BE94}.Release|Any CPU.Deploy.0 = Release|Any CPU
		{A143E0A5-5107-4089-B980-854881CC729F}.Debug|Any CPU.ActiveCfg = Debug|Any CPU
		{A143E0A5-5107-4089-B980-854881CC729F}.Debug|Any CPU.Build.0 = Debug|Any CPU
		{A143E0A5-5107-4089-B980-854881CC729F}.Debug|Any CPU.Deploy.0 = Debug|Any CPU
		{A143E0A5-5107-4089-B980-854881CC729F}.Release|Any CPU.ActiveCfg = Release|Any CPU
		{A143E0A5-5107-4089-B980-854881CC729F}.Release|Any CPU.Build.0 = Release|Any CPU
		{A143E0A5-5107-4089-B980-854881CC729F}.Release|Any CPU.Deploy.0 = Release|Any CPU
	EndGlobalSection
	GlobalSection(SolutionProperties) = preSolution
		HideSolutionNode = FALSE
	EndGlobalSection
	GlobalSection(ExtensibilityGlobals) = postSolution
		SolutionGuid = {94FD49CD-4DF5-494E-9F1A-616FFF88CC73}
	EndGlobalSection
EndGlobal
